
Microsoft Visual Studio Solution File, Format Version 12.00
# Visual Studio Version 16
VisualStudioVersion = 16.0.31005.135
MinimumVisualStudioVersion = 10.0.40219.1
Project("{FAE04EC0-301F-11D3-BF4B-00C04F79EFBC}") = "Food_Management", "Food_Management\Food_Management.csproj", "{54E54195-A65C-47A1-87FF-4DC671ED28A8}"
EndProject
Global
	GlobalSection(SolutionConfigurationPlatforms) = preSolution
		Debug|Any CPU = Debug|Any CPU
		Release|Any CPU = Release|Any CPU
	EndGlobalSection
	GlobalSection(ProjectConfigurationPlatforms) = postSolution
		{54E54195-A65C-47A1-87FF-4DC671ED28A8}.Debug|Any CPU.ActiveCfg = Debug|Any CPU
		{54E54195-A65C-47A1-87FF-4DC671ED28A8}.Debug|Any CPU.Build.0 = Debug|Any CPU
		{54E54195-A65C-47A1-87FF-4DC671ED28A8}.Release|Any CPU.ActiveCfg = Release|Any CPU
		{54E54195-A65C-47A1-87FF-4DC671ED28A8}.Release|Any CPU.Build.0 = Release|Any CPU
	EndGlobalSection
	GlobalSection(SolutionProperties) = preSolution
		HideSolutionNode = FALSE
	EndGlobalSection
	GlobalSection(ExtensibilityGlobals) = postSolution
		SolutionGuid = {52847E27-A3EF-4607-B46E-1580CA256E73}
	EndGlobalSection
EndGlobal
